
Microsoft Visual Studio Solution File, Format Version 12.00
# Visual Studio Version 16
VisualStudioVersion = 16.0.29306.81
MinimumVisualStudioVersion = 10.0.40219.1
Project("{FAE04EC0-301F-11D3-BF4B-00C04F79EFBC}") = "WarriorBattle", "WarriorBattle\WarriorBattle.csproj", "{19188919-490E-40AB-92AD-10F42A19CFC7}"
EndProject
Project("{2150E333-8FDC-42A3-9474-1A3956D46DE8}") = "Solution Items", "Solution Items", "{0A911361-4747-4EFE-9B87-E0B8AD36FFD8}"
EndProject
Global
	GlobalSection(SolutionConfigurationPlatforms) = preSolution
		Debug|Any CPU = Debug|Any CPU
		Release|Any CPU = Release|Any CPU
	EndGlobalSection
	GlobalSection(ProjectConfigurationPlatforms) = postSolution
		{19188919-490E-40AB-92AD-10F42A19CFC7}.Debug|Any CPU.ActiveCfg = Debug|Any CPU
		{19188919-490E-40AB-92AD-10F42A19CFC7}.Debug|Any CPU.Build.0 = Debug|Any CPU
		{19188919-490E-40AB-92AD-10F42A19CFC7}.Release|Any CPU.ActiveCfg = Release|Any CPU
		{19188919-490E-40AB-92AD-10F42A19CFC7}.Release|Any CPU.Build.0 = Release|Any CPU
	EndGlobalSection
	GlobalSection(SolutionProperties) = preSolution
		HideSolutionNode = FALSE
	EndGlobalSection
	GlobalSection(ExtensibilityGlobals) = postSolution
		SolutionGuid = {98532426-FB8D-47E8-A54F-4AA875422364}
	EndGlobalSection
EndGlobal
