
Microsoft Visual Studio Solution File, Format Version 12.00
# Visual Studio Version 16
VisualStudioVersion = 16.0.29418.71
MinimumVisualStudioVersion = 10.0.40219.1
Project("{FAE04EC0-301F-11D3-BF4B-00C04F79EFBC}") = "CardGame", "CardGame\CardGame.csproj", "{8B3E0027-F831-40AB-835F-57D8DAB84537}"
EndProject
Global
	GlobalSection(SolutionConfigurationPlatforms) = preSolution
		Debug|Any CPU = Debug|Any CPU
		Release|Any CPU = Release|Any CPU
	EndGlobalSection
	GlobalSection(ProjectConfigurationPlatforms) = postSolution
		{8B3E0027-F831-40AB-835F-57D8DAB84537}.Debug|Any CPU.ActiveCfg = Debug|Any CPU
		{8B3E0027-F831-40AB-835F-57D8DAB84537}.Debug|Any CPU.Build.0 = Debug|Any CPU
		{8B3E0027-F831-40AB-835F-57D8DAB84537}.Release|Any CPU.ActiveCfg = Release|Any CPU
		{8B3E0027-F831-40AB-835F-57D8DAB84537}.Release|Any CPU.Build.0 = Release|Any CPU
	EndGlobalSection
	GlobalSection(SolutionProperties) = preSolution
		HideSolutionNode = FALSE
	EndGlobalSection
	GlobalSection(ExtensibilityGlobals) = postSolution
		SolutionGuid = {E018F543-2E2B-406A-B6F1-34A06AF42CB4}
	EndGlobalSection
EndGlobal
